
Microsoft Visual Studio Solution File, Format Version 12.00
# Visual Studio Version 17
VisualStudioVersion = 17.7.34024.191
MinimumVisualStudioVersion = 10.0.40219.1
Project("{FAE04EC0-301F-11D3-BF4B-00C04F79EFBC}") = "Laus", "Laus\Laus.csproj", "{FCB1EEF5-619B-492C-9BFD-D1697DA4D0FE}"
EndProject
Project("{FAE04EC0-301F-11D3-BF4B-00C04F79EFBC}") = "Test", "Test\Test.csproj", "{30157EA3-8CE2-4829-B790-BE8FD6437F50}"
EndProject
Project("{2150E333-8FDC-42A3-9474-1A3956D46DE8}") = "Элементы решения", "Элементы решения", "{7E7A3497-A815-4585-BFF1-DF37BFBC9900}"
EndProject
Global
	GlobalSection(SolutionConfigurationPlatforms) = preSolution
		Debug|Any CPU = Debug|Any CPU
		Release|Any CPU = Release|Any CPU
	EndGlobalSection
	GlobalSection(ProjectConfigurationPlatforms) = postSolution
		{FCB1EEF5-619B-492C-9BFD-D1697DA4D0FE}.Debug|Any CPU.ActiveCfg = Debug|Any CPU
		{FCB1EEF5-619B-492C-9BFD-D1697DA4D0FE}.Debug|Any CPU.Build.0 = Debug|Any CPU
		{FCB1EEF5-619B-492C-9BFD-D1697DA4D0FE}.Release|Any CPU.ActiveCfg = Release|Any CPU
		{FCB1EEF5-619B-492C-9BFD-D1697DA4D0FE}.Release|Any CPU.Build.0 = Release|Any CPU
		{30157EA3-8CE2-4829-B790-BE8FD6437F50}.Debug|Any CPU.ActiveCfg = Debug|Any CPU
		{30157EA3-8CE2-4829-B790-BE8FD6437F50}.Debug|Any CPU.Build.0 = Debug|Any CPU
		{30157EA3-8CE2-4829-B790-BE8FD6437F50}.Release|Any CPU.ActiveCfg = Release|Any CPU
		{30157EA3-8CE2-4829-B790-BE8FD6437F50}.Release|Any CPU.Build.0 = Release|Any CPU
	EndGlobalSection
	GlobalSection(SolutionProperties) = preSolution
		HideSolutionNode = FALSE
	EndGlobalSection
	GlobalSection(ExtensibilityGlobals) = postSolution
		SolutionGuid = {9BAC015E-C014-4081-B880-441D0ED6F096}
	EndGlobalSection
EndGlobal
